// !$*UTF8*$!
{
	archiveVersion = 1;
	classes = {
	};
	objectVersion = 56;
	objects = {

/* Begin PBXBuildFile section */
		36B5858629BED1C2004E551D /* AppDelegate.swift in Sources */ = {isa = PBXBuildFile; fileRef = 36B5858529BED1C2004E551D /* AppDelegate.swift */; };
		36B5858829BED1C2004E551D /* SceneDelegate.swift in Sources */ = {isa = PBXBuildFile; fileRef = 36B5858729BED1C2004E551D /* SceneDelegate.swift */; };
		36B5858A29BED1C2004E551D /* ListViewController.swift in Sources */ = {isa = PBXBuildFile; fileRef = 36B5858929BED1C2004E551D /* ListViewController.swift */; };
		36B5858D29BED1C2004E551D /* Main.storyboard in Resources */ = {isa = PBXBuildFile; fileRef = 36B5858B29BED1C2004E551D /* Main.storyboard */; };
		36B5858F29BED1C4004E551D /* Assets.xcassets in Resources */ = {isa = PBXBuildFile; fileRef = 36B5858E29BED1C4004E551D /* Assets.xcassets */; };
		36B5859229BED1C4004E551D /* LaunchScreen.storyboard in Resources */ = {isa = PBXBuildFile; fileRef = 36B5859029BED1C4004E551D /* LaunchScreen.storyboard */; };
		36B585A129BED28E004E551D /* ListEmployee.swift in Sources */ = {isa = PBXBuildFile; fileRef = 36B585A029BED28E004E551D /* ListEmployee.swift */; };
		36B585A429BED85D004E551D /* ApiService.swift in Sources */ = {isa = PBXBuildFile; fileRef = 36B585A329BED85D004E551D /* ApiService.swift */; };
		36B585A729BF0082004E551D /* ListViewModel.swift in Sources */ = {isa = PBXBuildFile; fileRef = 36B585A629BF0082004E551D /* ListViewModel.swift */; };
		36B585AC29BF2136004E551D /* ListViewTableViewCell.swift in Sources */ = {isa = PBXBuildFile; fileRef = 36B585AA29BF2136004E551D /* ListViewTableViewCell.swift */; };
		36B585AD29BF2136004E551D /* ListViewTableViewCell.xib in Resources */ = {isa = PBXBuildFile; fileRef = 36B585AB29BF2136004E551D /* ListViewTableViewCell.xib */; };
/* End PBXBuildFile section */

/* Begin PBXFileReference section */
		36B5858229BED1C2004E551D /* ModelViewViewModelApp.app */ = {isa = PBXFileReference; explicitFileType = wrapper.application; includeInIndex = 0; path = ModelViewViewModelApp.app; sourceTree = BUILT_PRODUCTS_DIR; };
		36B5858529BED1C2004E551D /* AppDelegate.swift */ = {isa = PBXFileReference; lastKnownFileType = sourcecode.swift; path = AppDelegate.swift; sourceTree = "<group>"; };
		36B5858729BED1C2004E551D /* SceneDelegate.swift */ = {isa = PBXFileReference; lastKnownFileType = sourcecode.swift; path = SceneDelegate.swift; sourceTree = "<group>"; };
		36B5858929BED1C2004E551D /* ListViewController.swift */ = {isa = PBXFileReference; lastKnownFileType = sourcecode.swift; path = ListViewController.swift; sourceTree = "<group>"; };
		36B5858C29BED1C2004E551D /* Base */ = {isa = PBXFileReference; lastKnownFileType = file.storyboard; name = Base; path = Base.lproj/Main.storyboard; sourceTree = "<group>"; };
		36B5858E29BED1C4004E551D /* Assets.xcassets */ = {isa = PBXFileReference; lastKnownFileType = folder.assetcatalog; path = Assets.xcassets; sourceTree = "<group>"; };
		36B5859129BED1C4004E551D /* Base */ = {isa = PBXFileReference; lastKnownFileType = file.storyboard; name = Base; path = Base.lproj/LaunchScreen.storyboard; sourceTree = "<group>"; };
		36B5859329BED1C4004E551D /* Info.plist */ = {isa = PBXFileReference; lastKnownFileType = text.plist.xml; path = Info.plist; sourceTree = "<group>"; };
		36B585A029BED28E004E551D /* ListEmployee.swift */ = {isa = PBXFileReference; lastKnownFileType = sourcecode.swift; path = ListEmployee.swift; sourceTree = "<group>"; };
		36B585A329BED85D004E551D /* ApiService.swift */ = {isa = PBXFileReference; lastKnownFileType = sourcecode.swift; path = ApiService.swift; sourceTree = "<group>"; };
		36B585A629BF0082004E551D /* ListViewModel.swift */ = {isa = PBXFileReference; lastKnownFileType = sourcecode.swift; path = ListViewModel.swift; sourceTree = "<group>"; };
		36B585A829BF0EF1004E551D /* README.md */ = {isa = PBXFileReference; lastKnownFileType = net.daringfireball.markdown; path = README.md; sourceTree = "<group>"; };
		36B585AA29BF2136004E551D /* ListViewTableViewCell.swift */ = {isa = PBXFileReference; lastKnownFileType = sourcecode.swift; path = ListViewTableViewCell.swift; sourceTree = "<group>"; };
		36B585AB29BF2136004E551D /* ListViewTableViewCell.xib */ = {isa = PBXFileReference; lastKnownFileType = file.xib; path = ListViewTableViewCell.xib; sourceTree = "<group>"; };
/* End PBXFileReference section */

/* Begin PBXFrameworksBuildPhase section */
		36B5857F29BED1C2004E551D /* Frameworks */ = {
			isa = PBXFrameworksBuildPhase;
			buildActionMask = 2147483647;
			files = (
			);
			runOnlyForDeploymentPostprocessing = 0;
		};
/* End PBXFrameworksBuildPhase section */

/* Begin PBXGroup section */
		36B5857929BED1C2004E551D = {
			isa = PBXGroup;
			children = (
				36B585A829BF0EF1004E551D /* README.md */,
				36B5858429BED1C2004E551D /* ModelViewViewModelApp */,
				36B5858329BED1C2004E551D /* Products */,
			);
			sourceTree = "<group>";
		};
		36B5858329BED1C2004E551D /* Products */ = {
			isa = PBXGroup;
			children = (
				36B5858229BED1C2004E551D /* ModelViewViewModelApp.app */,
			);
			name = Products;
			sourceTree = "<group>";
		};
		36B5858429BED1C2004E551D /* ModelViewViewModelApp */ = {
			isa = PBXGroup;
			children = (
				36B585A229BED845004E551D /* Networking */,
				36B5859E29BED232004E551D /* Asset */,
				36B5859C29BED216004E551D /* Module */,
				36B5859B29BED201004E551D /* MainDelegate */,
				36B5859A29BED1F4004E551D /* Storyboard */,
				36B5859329BED1C4004E551D /* Info.plist */,
			);
			path = ModelViewViewModelApp;
			sourceTree = "<group>";
		};
		36B5859929BED1E7004E551D /* View */ = {
			isa = PBXGroup;
			children = (
				36B585A929BF2123004E551D /* ListView */,
				36B5858929BED1C2004E551D /* ListViewController.swift */,
			);
			path = View;
			sourceTree = "<group>";
		};
		36B5859A29BED1F4004E551D /* Storyboard */ = {
			isa = PBXGroup;
			children = (
				36B5858B29BED1C2004E551D /* Main.storyboard */,
				36B5859029BED1C4004E551D /* LaunchScreen.storyboard */,
			);
			path = Storyboard;
			sourceTree = "<group>";
		};
		36B5859B29BED201004E551D /* MainDelegate */ = {
			isa = PBXGroup;
			children = (
				36B5858529BED1C2004E551D /* AppDelegate.swift */,
				36B5858729BED1C2004E551D /* SceneDelegate.swift */,
			);
			path = MainDelegate;
			sourceTree = "<group>";
		};
		36B5859C29BED216004E551D /* Module */ = {
			isa = PBXGroup;
			children = (
				36B5859D29BED223004E551D /* ListName */,
			);
			path = Module;
			sourceTree = "<group>";
		};
		36B5859D29BED223004E551D /* ListName */ = {
			isa = PBXGroup;
			children = (
				36B585A529BF0058004E551D /* ViewModel */,
				36B5859F29BED27E004E551D /* Model */,
				36B5859929BED1E7004E551D /* View */,
			);
			path = ListName;
			sourceTree = "<group>";
		};
		36B5859E29BED232004E551D /* Asset */ = {
			isa = PBXGroup;
			children = (
				36B5858E29BED1C4004E551D /* Assets.xcassets */,
			);
			path = Asset;
			sourceTree = "<group>";
		};
		36B5859F29BED27E004E551D /* Model */ = {
			isa = PBXGroup;
			children = (
				36B585A029BED28E004E551D /* ListEmployee.swift */,
			);
			path = Model;
			sourceTree = "<group>";
		};
		36B585A229BED845004E551D /* Networking */ = {
			isa = PBXGroup;
			children = (
				36B585A329BED85D004E551D /* ApiService.swift */,
			);
			path = Networking;
			sourceTree = "<group>";
		};
		36B585A529BF0058004E551D /* ViewModel */ = {
			isa = PBXGroup;
			children = (
				36B585A629BF0082004E551D /* ListViewModel.swift */,
			);
			path = ViewModel;
			sourceTree = "<group>";
		};
		36B585A929BF2123004E551D /* ListView */ = {
			isa = PBXGroup;
			children = (
				36B585AA29BF2136004E551D /* ListViewTableViewCell.swift */,
				36B585AB29BF2136004E551D /* ListViewTableViewCell.xib */,
			);
			path = ListView;
			sourceTree = "<group>";
		};
/* End PBXGroup section */

/* Begin PBXNativeTarget section */
		36B5858129BED1C2004E551D /* ModelViewViewModelApp */ = {
			isa = PBXNativeTarget;
			buildConfigurationList = 36B5859629BED1C4004E551D /* Build configuration list for PBXNativeTarget "ModelViewViewModelApp" */;
			buildPhases = (
				36B5857E29BED1C2004E551D /* Sources */,
				36B5857F29BED1C2004E551D /* Frameworks */,
				36B5858029BED1C2004E551D /* Resources */,
			);
			buildRules = (
			);
			dependencies = (
			);
			name = ModelViewViewModelApp;
			productName = ModelViewViewModelApp;
			productReference = 36B5858229BED1C2004E551D /* ModelViewViewModelApp.app */;
			productType = "com.apple.product-type.application";
		};
/* End PBXNativeTarget section */

/* Begin PBXProject section */
		36B5857A29BED1C2004E551D /* Project object */ = {
			isa = PBXProject;
			attributes = {
				BuildIndependentTargetsInParallel = 1;
				LastSwiftUpdateCheck = 1420;
				LastUpgradeCheck = 1420;
				TargetAttributes = {
					36B5858129BED1C2004E551D = {
						CreatedOnToolsVersion = 14.2;
					};
				};
			};
			buildConfigurationList = 36B5857D29BED1C2004E551D /* Build configuration list for PBXProject "ModelViewViewModelApp" */;
			compatibilityVersion = "Xcode 14.0";
			developmentRegion = en;
			hasScannedForEncodings = 0;
			knownRegions = (
				en,
				Base,
			);
			mainGroup = 36B5857929BED1C2004E551D;
			productRefGroup = 36B5858329BED1C2004E551D /* Products */;
			projectDirPath = "";
			projectRoot = "";
			targets = (
				36B5858129BED1C2004E551D /* ModelViewViewModelApp */,
			);
		};
/* End PBXProject section */

/* Begin PBXResourcesBuildPhase section */
		36B5858029BED1C2004E551D /* Resources */ = {
			isa = PBXResourcesBuildPhase;
			buildActionMask = 2147483647;
			files = (
				36B585AD29BF2136004E551D /* ListViewTableViewCell.xib in Resources */,
				36B5859229BED1C4004E551D /* LaunchScreen.storyboard in Resources */,
				36B5858F29BED1C4004E551D /* Assets.xcassets in Resources */,
				36B5858D29BED1C2004E551D /* Main.storyboard in Resources */,
			);
			runOnlyForDeploymentPostprocessing = 0;
		};
/* End PBXResourcesBuildPhase section */

/* Begin PBXSourcesBuildPhase section */
		36B5857E29BED1C2004E551D /* Sources */ = {
			isa = PBXSourcesBuildPhase;
			buildActionMask = 2147483647;
			files = (
				36B5858A29BED1C2004E551D /* ListViewController.swift in Sources */,
				36B585A429BED85D004E551D /* ApiService.swift in Sources */,
				36B585A729BF0082004E551D /* ListViewModel.swift in Sources */,
				36B5858629BED1C2004E551D /* AppDelegate.swift in Sources */,
				36B5858829BED1C2004E551D /* SceneDelegate.swift in Sources */,
				36B585AC29BF2136004E551D /* ListViewTableViewCell.swift in Sources */,
				36B585A129BED28E004E551D /* ListEmployee.swift in Sources */,
			);
			runOnlyForDeploymentPostprocessing = 0;
		};
/* End PBXSourcesBuildPhase section */

/* Begin PBXVariantGroup section */
		36B5858B29BED1C2004E551D /* Main.storyboard */ = {
			isa = PBXVariantGroup;
			children = (
				36B5858C29BED1C2004E551D /* Base */,
			);
			name = Main.storyboard;
			sourceTree = "<group>";
		};
		36B5859029BED1C4004E551D /* LaunchScreen.storyboard */ = {
			isa = PBXVariantGroup;
			children = (
				36B5859129BED1C4004E551D /* Base */,
			);
			name = LaunchScreen.storyboard;
			sourceTree = "<group>";
		};
/* End PBXVariantGroup section */

/* Begin XCBuildConfiguration section */
		36B5859429BED1C4004E551D /* Debug */ = {
			isa = XCBuildConfiguration;
			buildSettings = {
				ALWAYS_SEARCH_USER_PATHS = NO;
				CLANG_ANALYZER_NONNULL = YES;
				CLANG_ANALYZER_NUMBER_OBJECT_CONVERSION = YES_AGGRESSIVE;
				CLANG_CXX_LANGUAGE_STANDARD = "gnu++20";
				CLANG_ENABLE_MODULES = YES;
				CLANG_ENABLE_OBJC_ARC = YES;
				CLANG_ENABLE_OBJC_WEAK = YES;
				CLANG_WARN_BLOCK_CAPTURE_AUTORELEASING = YES;
				CLANG_WARN_BOOL_CONVERSION = YES;
				CLANG_WARN_COMMA = YES;
				CLANG_WARN_CONSTANT_CONVERSION = YES;
				CLANG_WARN_DEPRECATED_OBJC_IMPLEMENTATIONS = YES;
				CLANG_WARN_DIRECT_OBJC_ISA_USAGE = YES_ERROR;
				CLANG_WARN_DOCUMENTATION_COMMENTS = YES;
				CLANG_WARN_EMPTY_BODY = YES;
				CLANG_WARN_ENUM_CONVERSION = YES;
				CLANG_WARN_INFINITE_RECURSION = YES;
				CLANG_WARN_INT_CONVERSION = YES;
				CLANG_WARN_NON_LITERAL_NULL_CONVERSION = YES;
				CLANG_WARN_OBJC_IMPLICIT_RETAIN_SELF = YES;
				CLANG_WARN_OBJC_LITERAL_CONVERSION = YES;
				CLANG_WARN_OBJC_ROOT_CLASS = YES_ERROR;
				CLANG_WARN_QUOTED_INCLUDE_IN_FRAMEWORK_HEADER = YES;
				CLANG_WARN_RANGE_LOOP_ANALYSIS = YES;
				CLANG_WARN_STRICT_PROTOTYPES = YES;
				CLANG_WARN_SUSPICIOUS_MOVE = YES;
				CLANG_WARN_UNGUARDED_AVAILABILITY = YES_AGGRESSIVE;
				CLANG_WARN_UNREACHABLE_CODE = YES;
				CLANG_WARN__DUPLICATE_METHOD_MATCH = YES;
				COPY_PHASE_STRIP = NO;
				DEBUG_INFORMATION_FORMAT = dwarf;
				ENABLE_STRICT_OBJC_MSGSEND = YES;
				ENABLE_TESTABILITY = YES;
				GCC_C_LANGUAGE_STANDARD = gnu11;
				GCC_DYNAMIC_NO_PIC = NO;
				GCC_NO_COMMON_BLOCKS = YES;
				GCC_OPTIMIZATION_LEVEL = 0;
				GCC_PREPROCESSOR_DEFINITIONS = (
					"DEBUG=1",
					"$(inherited)",
				);
				GCC_WARN_64_TO_32_BIT_CONVERSION = YES;
				GCC_WARN_ABOUT_RETURN_TYPE = YES_ERROR;
				GCC_WARN_UNDECLARED_SELECTOR = YES;
				GCC_WARN_UNINITIALIZED_AUTOS = YES_AGGRESSIVE;
				GCC_WARN_UNUSED_FUNCTION = YES;
				GCC_WARN_UNUSED_VARIABLE = YES;
				IPHONEOS_DEPLOYMENT_TARGET = 16.2;
				MTL_ENABLE_DEBUG_INFO = INCLUDE_SOURCE;
				MTL_FAST_MATH = YES;
				ONLY_ACTIVE_ARCH = YES;
				SDKROOT = iphoneos;
				SWIFT_ACTIVE_COMPILATION_CONDITIONS = DEBUG;
				SWIFT_OPTIMIZATION_LEVEL = "-Onone";
			};
			name = Debug;
		};
		36B5859529BED1C4004E551D /* Release */ = {
			isa = XCBuildConfiguration;
			buildSettings = {
				ALWAYS_SEARCH_USER_PATHS = NO;
				CLANG_ANALYZER_NONNULL = YES;
				CLANG_ANALYZER_NUMBER_OBJECT_CONVERSION = YES_AGGRESSIVE;
				CLANG_CXX_LANGUAGE_STANDARD = "gnu++20";
				CLANG_ENABLE_MODULES = YES;
				CLANG_ENABLE_OBJC_ARC = YES;
				CLANG_ENABLE_OBJC_WEAK = YES;
				CLANG_WARN_BLOCK_CAPTURE_AUTORELEASING = YES;
				CLANG_WARN_BOOL_CONVERSION = YES;
				CLANG_WARN_COMMA = YES;
				CLANG_WARN_CONSTANT_CONVERSION = YES;
				CLANG_WARN_DEPRECATED_OBJC_IMPLEMENTATIONS = YES;
				CLANG_WARN_DIRECT_OBJC_ISA_USAGE = YES_ERROR;
				CLANG_WARN_DOCUMENTATION_COMMENTS = YES;
				CLANG_WARN_EMPTY_BODY = YES;
				CLANG_WARN_ENUM_CONVERSION = YES;
				CLANG_WARN_INFINITE_RECURSION = YES;
				CLANG_WARN_INT_CONVERSION = YES;
				CLANG_WARN_NON_LITERAL_NULL_CONVERSION = YES;
				CLANG_WARN_OBJC_IMPLICIT_RETAIN_SELF = YES;
				CLANG_WARN_OBJC_LITERAL_CONVERSION = YES;
				CLANG_WARN_OBJC_ROOT_CLASS = YES_ERROR;
				CLANG_WARN_QUOTED_INCLUDE_IN_FRAMEWORK_HEADER = YES;
				CLANG_WARN_RANGE_LOOP_ANALYSIS = YES;
				CLANG_WARN_STRICT_PROTOTYPES = YES;
				CLANG_WARN_SUSPICIOUS_MOVE = YES;
				CLANG_WARN_UNGUARDED_AVAILABILITY = YES_AGGRESSIVE;
				CLANG_WARN_UNREACHABLE_CODE = YES;
				CLANG_WARN__DUPLICATE_METHOD_MATCH = YES;
				COPY_PHASE_STRIP = NO;
				DEBUG_INFORMATION_FORMAT = "dwarf-with-dsym";
				ENABLE_NS_ASSERTIONS = NO;
				ENABLE_STRICT_OBJC_MSGSEND = YES;
				GCC_C_LANGUAGE_STANDARD = gnu11;
				GCC_NO_COMMON_BLOCKS = YES;
				GCC_WARN_64_TO_32_BIT_CONVERSION = YES;
				GCC_WARN_ABOUT_RETURN_TYPE = YES_ERROR;
				GCC_WARN_UNDECLARED_SELECTOR = YES;
				GCC_WARN_UNINITIALIZED_AUTOS = YES_AGGRESSIVE;
				GCC_WARN_UNUSED_FUNCTION = YES;
				GCC_WARN_UNUSED_VARIABLE = YES;
				IPHONEOS_DEPLOYMENT_TARGET = 16.2;
				MTL_ENABLE_DEBUG_INFO = NO;
				MTL_FAST_MATH = YES;
				SDKROOT = iphoneos;
				SWIFT_COMPILATION_MODE = wholemodule;
				SWIFT_OPTIMIZATION_LEVEL = "-O";
				VALIDATE_PRODUCT = YES;
			};
			name = Release;
		};
		36B5859729BED1C4004E551D /* Debug */ = {
			isa = XCBuildConfiguration;
			buildSettings = {
				ASSETCATALOG_COMPILER_APPICON_NAME = AppIcon;
				ASSETCATALOG_COMPILER_GLOBAL_ACCENT_COLOR_NAME = AccentColor;
				CODE_SIGN_STYLE = Automatic;
				CURRENT_PROJECT_VERSION = 1;
				GENERATE_INFOPLIST_FILE = YES;
				INFOPLIST_FILE = ModelViewViewModelApp/Info.plist;
				INFOPLIST_KEY_UIApplicationSupportsIndirectInputEvents = YES;
				INFOPLIST_KEY_UILaunchStoryboardName = LaunchScreen;
				INFOPLIST_KEY_UIMainStoryboardFile = Main;
				INFOPLIST_KEY_UISupportedInterfaceOrientations_iPad = "UIInterfaceOrientationPortrait UIInterfaceOrientationPortraitUpsideDown UIInterfaceOrientationLandscapeLeft UIInterfaceOrientationLandscapeRight";
				INFOPLIST_KEY_UISupportedInterfaceOrientations_iPhone = "UIInterfaceOrientationPortrait UIInterfaceOrientationLandscapeLeft UIInterfaceOrientationLandscapeRight";
				LD_RUNPATH_SEARCH_PATHS = (
					"$(inherited)",
					"@executable_path/Frameworks",
				);
				MARKETING_VERSION = 1.0;
				PRODUCT_BUNDLE_IDENTIFIER = plearn.ModelViewViewModelApp;
				PRODUCT_NAME = "$(TARGET_NAME)";
				SWIFT_EMIT_LOC_STRINGS = YES;
				SWIFT_VERSION = 5.0;
				TARGETED_DEVICE_FAMILY = "1,2";
			};
			name = Debug;
		};
		36B5859829BED1C4004E551D /* Release */ = {
			isa = XCBuildConfiguration;
			buildSettings = {
				ASSETCATALOG_COMPILER_APPICON_NAME = AppIcon;
				ASSETCATALOG_COMPILER_GLOBAL_ACCENT_COLOR_NAME = AccentColor;
				CODE_SIGN_STYLE = Automatic;
				CURRENT_PROJECT_VERSION = 1;
				GENERATE_INFOPLIST_FILE = YES;
				INFOPLIST_FILE = ModelViewViewModelApp/Info.plist;
				INFOPLIST_KEY_UIApplicationSupportsIndirectInputEvents = YES;
				INFOPLIST_KEY_UILaunchStoryboardName = LaunchScreen;
				INFOPLIST_KEY_UIMainStoryboardFile = Main;
				INFOPLIST_KEY_UISupportedInterfaceOrientations_iPad = "UIInterfaceOrientationPortrait UIInterfaceOrientationPortraitUpsideDown UIInterfaceOrientationLandscapeLeft UIInterfaceOrientationLandscapeRight";
				INFOPLIST_KEY_UISupportedInterfaceOrientations_iPhone = "UIInterfaceOrientationPortrait UIInterfaceOrientationLandscapeLeft UIInterfaceOrientationLandscapeRight";
				LD_RUNPATH_SEARCH_PATHS = (
					"$(inherited)",
					"@executable_path/Frameworks",
				);
				MARKETING_VERSION = 1.0;
				PRODUCT_BUNDLE_IDENTIFIER = plearn.ModelViewViewModelApp;
				PRODUCT_NAME = "$(TARGET_NAME)";
				SWIFT_EMIT_LOC_STRINGS = YES;
				SWIFT_VERSION = 5.0;
				TARGETED_DEVICE_FAMILY = "1,2";
			};
			name = Release;
		};
/* End XCBuildConfiguration section */

/* Begin XCConfigurationList section */
		36B5857D29BED1C2004E551D /* Build configuration list for PBXProject "ModelViewViewModelApp" */ = {
			isa = XCConfigurationList;
			buildConfigurations = (
				36B5859429BED1C4004E551D /* Debug */,
				36B5859529BED1C4004E551D /* Release */,
			);
			defaultConfigurationIsVisible = 0;
			defaultConfigurationName = Release;
		};
		36B5859629BED1C4004E551D /* Build configuration list for PBXNativeTarget "ModelViewViewModelApp" */ = {
			isa = XCConfigurationList;
			buildConfigurations = (
				36B5859729BED1C4004E551D /* Debug */,
				36B5859829BED1C4004E551D /* Release */,
			);
			defaultConfigurationIsVisible = 0;
			defaultConfigurationName = Release;
		};
/* End XCConfigurationList section */
	};
	rootObject = 36B5857A29BED1C2004E551D /* Project object */;
}
